// !$*UTF8*$!
{
	archiveVersion = 1;
	classes = {
	};
	objectVersion = 46;
	objects = {

/* Begin PBXBuildFile section */
		092DC12019D7AB3100447F35 /* AppDelegate.swift in Sources */ = {isa = PBXBuildFile; fileRef = 092DC11F19D7AB3100447F35 /* AppDelegate.swift */; };
		092DC12219D7AB3100447F35 /* ViewController.swift in Sources */ = {isa = PBXBuildFile; fileRef = 092DC12119D7AB3100447F35 /* ViewController.swift */; };
		092DC12519D7AB3100447F35 /* Main.storyboard in Resources */ = {isa = PBXBuildFile; fileRef = 092DC12319D7AB3100447F35 /* Main.storyboard */; };
		092DC12719D7AB3100447F35 /* Images.xcassets in Resources */ = {isa = PBXBuildFile; fileRef = 092DC12619D7AB3100447F35 /* Images.xcassets */; };
		092DC12A19D7AB3100447F35 /* LaunchScreen.xib in Resources */ = {isa = PBXBuildFile; fileRef = 092DC12819D7AB3100447F35 /* LaunchScreen.xib */; };
		092DC13619D7AB3100447F35 /* Exemplo002Tests.swift in Sources */ = {isa = PBXBuildFile; fileRef = 092DC13519D7AB3100447F35 /* Exemplo002Tests.swift */; };
/* End PBXBuildFile section */

/* Begin PBXContainerItemProxy section */
		092DC13019D7AB3100447F35 /* PBXContainerItemProxy */ = {
			isa = PBXContainerItemProxy;
			containerPortal = 092DC11219D7AB3100447F35 /* Project object */;
			proxyType = 1;
			remoteGlobalIDString = 092DC11919D7AB3100447F35;
			remoteInfo = Exemplo002;
		};
/* End PBXContainerItemProxy section */

/* Begin PBXFileReference section */
		092DC11A19D7AB3100447F35 /* Exemplo002.app */ = {isa = PBXFileReference; explicitFileType = wrapper.application; includeInIndex = 0; path = Exemplo002.app; sourceTree = BUILT_PRODUCTS_DIR; };
		092DC11E19D7AB3100447F35 /* Info.plist */ = {isa = PBXFileReference; lastKnownFileType = text.plist.xml; path = Info.plist; sourceTree = "<group>"; };
		092DC11F19D7AB3100447F35 /* AppDelegate.swift */ = {isa = PBXFileReference; lastKnownFileType = sourcecode.swift; path = AppDelegate.swift; sourceTree = "<group>"; };
		092DC12119D7AB3100447F35 /* ViewController.swift */ = {isa = PBXFileReference; lastKnownFileType = sourcecode.swift; path = ViewController.swift; sourceTree = "<group>"; };
		092DC12419D7AB3100447F35 /* Base */ = {isa = PBXFileReference; lastKnownFileType = file.storyboard; name = Base; path = Base.lproj/Main.storyboard; sourceTree = "<group>"; };
		092DC12619D7AB3100447F35 /* Images.xcassets */ = {isa = PBXFileReference; lastKnownFileType = folder.assetcatalog; path = Images.xcassets; sourceTree = "<group>"; };
		092DC12919D7AB3100447F35 /* Base */ = {isa = PBXFileReference; lastKnownFileType = file.xib; name = Base; path = Base.lproj/LaunchScreen.xib; sourceTree = "<group>"; };
		092DC12F19D7AB3100447F35 /* Exemplo002Tests.xctest */ = {isa = PBXFileReference; explicitFileType = wrapper.cfbundle; includeInIndex = 0; path = Exemplo002Tests.xctest; sourceTree = BUILT_PRODUCTS_DIR; };
		092DC13419D7AB3100447F35 /* Info.plist */ = {isa = PBXFileReference; lastKnownFileType = text.plist.xml; path = Info.plist; sourceTree = "<group>"; };
		092DC13519D7AB3100447F35 /* Exemplo002Tests.swift */ = {isa = PBXFileReference; lastKnownFileType = sourcecode.swift; path = Exemplo002Tests.swift; sourceTree = "<group>"; };
/* End PBXFileReference section */

/* Begin PBXFrameworksBuildPhase section */
		092DC11719D7AB3100447F35 /* Frameworks */ = {
			isa = PBXFrameworksBuildPhase;
			buildActionMask = 2147483647;
			files = (
			);
			runOnlyForDeploymentPostprocessing = 0;
		};
		092DC12C19D7AB3100447F35 /* Frameworks */ = {
			isa = PBXFrameworksBuildPhase;
			buildActionMask = 2147483647;
			files = (
			);
			runOnlyForDeploymentPostprocessing = 0;
		};
/* End PBXFrameworksBuildPhase section */

/* Begin PBXGroup section */
		092DC11119D7AB3100447F35 = {
			isa = PBXGroup;
			children = (
				092DC11C19D7AB3100447F35 /* Exemplo002 */,
				092DC13219D7AB3100447F35 /* Exemplo002Tests */,
				092DC11B19D7AB3100447F35 /* Products */,
			);
			indentWidth = 2;
			sourceTree = "<group>";
			tabWidth = 2;
			usesTabs = 0;
		};
		092DC11B19D7AB3100447F35 /* Products */ = {
			isa = PBXGroup;
			children = (
				092DC11A19D7AB3100447F35 /* Exemplo002.app */,
				092DC12F19D7AB3100447F35 /* Exemplo002Tests.xctest */,
			);
			name = Products;
			sourceTree = "<group>";
		};
		092DC11C19D7AB3100447F35 /* Exemplo002 */ = {
			isa = PBXGroup;
			children = (
				092DC11F19D7AB3100447F35 /* AppDelegate.swift */,
				092DC12119D7AB3100447F35 /* ViewController.swift */,
				092DC12319D7AB3100447F35 /* Main.storyboard */,
				092DC12619D7AB3100447F35 /* Images.xcassets */,
				092DC12819D7AB3100447F35 /* LaunchScreen.xib */,
				092DC11D19D7AB3100447F35 /* Supporting Files */,
			);
			path = Exemplo002;
			sourceTree = "<group>";
		};
		092DC11D19D7AB3100447F35 /* Supporting Files */ = {
			isa = PBXGroup;
			children = (
				092DC11E19D7AB3100447F35 /* Info.plist */,
			);
			name = "Supporting Files";
			sourceTree = "<group>";
		};
		092DC13219D7AB3100447F35 /* Exemplo002Tests */ = {
			isa = PBXGroup;
			children = (
				092DC13519D7AB3100447F35 /* Exemplo002Tests.swift */,
				092DC13319D7AB3100447F35 /* Supporting Files */,
			);
			path = Exemplo002Tests;
			sourceTree = "<group>";
		};
		092DC13319D7AB3100447F35 /* Supporting Files */ = {
			isa = PBXGroup;
			children = (
				092DC13419D7AB3100447F35 /* Info.plist */,
			);
			name = "Supporting Files";
			sourceTree = "<group>";
		};
/* End PBXGroup section */

/* Begin PBXNativeTarget section */
		092DC11919D7AB3100447F35 /* Exemplo002 */ = {
			isa = PBXNativeTarget;
			buildConfigurationList = 092DC13919D7AB3100447F35 /* Build configuration list for PBXNativeTarget "Exemplo002" */;
			buildPhases = (
				092DC11619D7AB3100447F35 /* Sources */,
				092DC11719D7AB3100447F35 /* Frameworks */,
				092DC11819D7AB3100447F35 /* Resources */,
			);
			buildRules = (
			);
			dependencies = (
			);
			name = Exemplo002;
			productName = Exemplo002;
			productReference = 092DC11A19D7AB3100447F35 /* Exemplo002.app */;
			productType = "com.apple.product-type.application";
		};
		092DC12E19D7AB3100447F35 /* Exemplo002Tests */ = {
			isa = PBXNativeTarget;
			buildConfigurationList = 092DC13C19D7AB3100447F35 /* Build configuration list for PBXNativeTarget "Exemplo002Tests" */;
			buildPhases = (
				092DC12B19D7AB3100447F35 /* Sources */,
				092DC12C19D7AB3100447F35 /* Frameworks */,
				092DC12D19D7AB3100447F35 /* Resources */,
			);
			buildRules = (
			);
			dependencies = (
				092DC13119D7AB3100447F35 /* PBXTargetDependency */,
			);
			name = Exemplo002Tests;
			productName = Exemplo002Tests;
			productReference = 092DC12F19D7AB3100447F35 /* Exemplo002Tests.xctest */;
			productType = "com.apple.product-type.bundle.unit-test";
		};
/* End PBXNativeTarget section */

/* Begin PBXProject section */
		092DC11219D7AB3100447F35 /* Project object */ = {
			isa = PBXProject;
			attributes = {
				LastUpgradeCheck = 0600;
				ORGANIZATIONNAME = si;
				TargetAttributes = {
					092DC11919D7AB3100447F35 = {
						CreatedOnToolsVersion = 6.0.1;
						DevelopmentTeam = 65UP4NG3YP;
					};
					092DC12E19D7AB3100447F35 = {
						CreatedOnToolsVersion = 6.0.1;
						TestTargetID = 092DC11919D7AB3100447F35;
					};
				};
			};
			buildConfigurationList = 092DC11519D7AB3100447F35 /* Build configuration list for PBXProject "Exemplo002" */;
			compatibilityVersion = "Xcode 3.2";
			developmentRegion = English;
			hasScannedForEncodings = 0;
			knownRegions = (
				en,
				Base,
			);
			mainGroup = 092DC11119D7AB3100447F35;
			productRefGroup = 092DC11B19D7AB3100447F35 /* Products */;
			projectDirPath = "";
			projectRoot = "";
			targets = (
				092DC11919D7AB3100447F35 /* Exemplo002 */,
				092DC12E19D7AB3100447F35 /* Exemplo002Tests */,
			);
		};
/* End PBXProject section */

/* Begin PBXResourcesBuildPhase section */
		092DC11819D7AB3100447F35 /* Resources */ = {
			isa = PBXResourcesBuildPhase;
			buildActionMask = 2147483647;
			files = (
				092DC12519D7AB3100447F35 /* Main.storyboard in Resources */,
				092DC12A19D7AB3100447F35 /* LaunchScreen.xib in Resources */,
				092DC12719D7AB3100447F35 /* Images.xcassets in Resources */,
			);
			runOnlyForDeploymentPostprocessing = 0;
		};
		092DC12D19D7AB3100447F35 /* Resources */ = {
			isa = PBXResourcesBuildPhase;
			buildActionMask = 2147483647;
			files = (
			);
			runOnlyForDeploymentPostprocessing = 0;
		};
/* End PBXResourcesBuildPhase section */

/* Begin PBXSourcesBuildPhase section */
		092DC11619D7AB3100447F35 /* Sources */ = {
			isa = PBXSourcesBuildPhase;
			buildActionMask = 2147483647;
			files = (
				092DC12219D7AB3100447F35 /* ViewController.swift in Sources */,
				092DC12019D7AB3100447F35 /* AppDelegate.swift in Sources */,
			);
			runOnlyForDeploymentPostprocessing = 0;
		};
		092DC12B19D7AB3100447F35 /* Sources */ = {
			isa = PBXSourcesBuildPhase;
			buildActionMask = 2147483647;
			files = (
				092DC13619D7AB3100447F35 /* Exemplo002Tests.swift in Sources */,
			);
			runOnlyForDeploymentPostprocessing = 0;
		};
/* End PBXSourcesBuildPhase section */

/* Begin PBXTargetDependency section */
		092DC13119D7AB3100447F35 /* PBXTargetDependency */ = {
			isa = PBXTargetDependency;
			target = 092DC11919D7AB3100447F35 /* Exemplo002 */;
			targetProxy = 092DC13019D7AB3100447F35 /* PBXContainerItemProxy */;
		};
/* End PBXTargetDependency section */

/* Begin PBXVariantGroup section */
		092DC12319D7AB3100447F35 /* Main.storyboard */ = {
			isa = PBXVariantGroup;
			children = (
				092DC12419D7AB3100447F35 /* Base */,
			);
			name = Main.storyboard;
			sourceTree = "<group>";
		};
		092DC12819D7AB3100447F35 /* LaunchScreen.xib */ = {
			isa = PBXVariantGroup;
			children = (
				092DC12919D7AB3100447F35 /* Base */,
			);
			name = LaunchScreen.xib;
			sourceTree = "<group>";
		};
/* End PBXVariantGroup section */

/* Begin XCBuildConfiguration section */
		092DC13719D7AB3100447F35 /* Debug */ = {
			isa = XCBuildConfiguration;
			buildSettings = {
				ALWAYS_SEARCH_USER_PATHS = NO;
				CLANG_CXX_LANGUAGE_STANDARD = "gnu++0x";
				CLANG_CXX_LIBRARY = "libc++";
				CLANG_ENABLE_MODULES = YES;
				CLANG_ENABLE_OBJC_ARC = YES;
				CLANG_WARN_BOOL_CONVERSION = YES;
				CLANG_WARN_CONSTANT_CONVERSION = YES;
				CLANG_WARN_DIRECT_OBJC_ISA_USAGE = YES_ERROR;
				CLANG_WARN_EMPTY_BODY = YES;
				CLANG_WARN_ENUM_CONVERSION = YES;
				CLANG_WARN_INT_CONVERSION = YES;
				CLANG_WARN_OBJC_ROOT_CLASS = YES_ERROR;
				CLANG_WARN_UNREACHABLE_CODE = YES;
				CLANG_WARN__DUPLICATE_METHOD_MATCH = YES;
				"CODE_SIGN_IDENTITY[sdk=iphoneos*]" = "iPhone Developer";
				COPY_PHASE_STRIP = NO;
				ENABLE_STRICT_OBJC_MSGSEND = YES;
				GCC_C_LANGUAGE_STANDARD = gnu99;
				GCC_DYNAMIC_NO_PIC = NO;
				GCC_OPTIMIZATION_LEVEL = 0;
				GCC_PREPROCESSOR_DEFINITIONS = (
					"DEBUG=1",
					"$(inherited)",
				);
				GCC_SYMBOLS_PRIVATE_EXTERN = NO;
				GCC_WARN_64_TO_32_BIT_CONVERSION = YES;
				GCC_WARN_ABOUT_RETURN_TYPE = YES_ERROR;
				GCC_WARN_UNDECLARED_SELECTOR = YES;
				GCC_WARN_UNINITIALIZED_AUTOS = YES_AGGRESSIVE;
				GCC_WARN_UNUSED_FUNCTION = YES;
				GCC_WARN_UNUSED_VARIABLE = YES;
				IPHONEOS_DEPLOYMENT_TARGET = 8.0;
				MTL_ENABLE_DEBUG_INFO = YES;
				ONLY_ACTIVE_ARCH = YES;
				SDKROOT = iphoneos;
				SWIFT_OPTIMIZATION_LEVEL = "-Onone";
				TARGETED_DEVICE_FAMILY = 2;
			};
			name = Debug;
		};
		092DC13819D7AB3100447F35 /* Release */ = {
			isa = XCBuildConfiguration;
			buildSettings = {
				ALWAYS_SEARCH_USER_PATHS = NO;
				CLANG_CXX_LANGUAGE_STANDARD = "gnu++0x";
				CLANG_CXX_LIBRARY = "libc++";
				CLANG_ENABLE_MODULES = YES;
				CLANG_ENABLE_OBJC_ARC = YES;
				CLANG_WARN_BOOL_CONVERSION = YES;
				CLANG_WARN_CONSTANT_CONVERSION = YES;
				CLANG_WARN_DIRECT_OBJC_ISA_USAGE = YES_ERROR;
				CLANG_WARN_EMPTY_BODY = YES;
				CLANG_WARN_ENUM_CONVERSION = YES;
				CLANG_WARN_INT_CONVERSION = YES;
				CLANG_WARN_OBJC_ROOT_CLASS = YES_ERROR;
				CLANG_WARN_UNREACHABLE_CODE = YES;
				CLANG_WARN__DUPLICATE_METHOD_MATCH = YES;
				"CODE_SIGN_IDENTITY[sdk=iphoneos*]" = "iPhone Developer";
				COPY_PHASE_STRIP = YES;
				ENABLE_NS_ASSERTIONS = NO;
				ENABLE_STRICT_OBJC_MSGSEND = YES;
				GCC_C_LANGUAGE_STANDARD = gnu99;
				GCC_WARN_64_TO_32_BIT_CONVERSION = YES;
				GCC_WARN_ABOUT_RETURN_TYPE = YES_ERROR;
				GCC_WARN_UNDECLARED_SELECTOR = YES;
				GCC_WARN_UNINITIALIZED_AUTOS = YES_AGGRESSIVE;
				GCC_WARN_UNUSED_FUNCTION = YES;
				GCC_WARN_UNUSED_VARIABLE = YES;
				IPHONEOS_DEPLOYMENT_TARGET = 8.0;
				MTL_ENABLE_DEBUG_INFO = NO;
				SDKROOT = iphoneos;
				TARGETED_DEVICE_FAMILY = 2;
				VALIDATE_PRODUCT = YES;
			};
			name = Release;
		};
		092DC13A19D7AB3100447F35 /* Debug */ = {
			isa = XCBuildConfiguration;
			buildSettings = {
				ASSETCATALOG_COMPILER_APPICON_NAME = AppIcon;
				INFOPLIST_FILE = Exemplo002/Info.plist;
				LD_RUNPATH_SEARCH_PATHS = "$(inherited) @executable_path/Frameworks";
				PRODUCT_NAME = "$(TARGET_NAME)";
				TARGETED_DEVICE_FAMILY = 2;
			};
			name = Debug;
		};
		092DC13B19D7AB3100447F35 /* Release */ = {
			isa = XCBuildConfiguration;
			buildSettings = {
				ASSETCATALOG_COMPILER_APPICON_NAME = AppIcon;
				INFOPLIST_FILE = Exemplo002/Info.plist;
				LD_RUNPATH_SEARCH_PATHS = "$(inherited) @executable_path/Frameworks";
				PRODUCT_NAME = "$(TARGET_NAME)";
				TARGETED_DEVICE_FAMILY = 2;
			};
			name = Release;
		};
		092DC13D19D7AB3100447F35 /* Debug */ = {
			isa = XCBuildConfiguration;
			buildSettings = {
				BUNDLE_LOADER = "$(TEST_HOST)";
				FRAMEWORK_SEARCH_PATHS = (
					"$(SDKROOT)/Developer/Library/Frameworks",
					"$(inherited)",
				);
				GCC_PREPROCESSOR_DEFINITIONS = (
					"DEBUG=1",
					"$(inherited)",
				);
				INFOPLIST_FILE = Exemplo002Tests/Info.plist;
				LD_RUNPATH_SEARCH_PATHS = "$(inherited) @executable_path/Frameworks @loader_path/Frameworks";
				PRODUCT_NAME = "$(TARGET_NAME)";
				TEST_HOST = "$(BUILT_PRODUCTS_DIR)/Exemplo002.app/Exemplo002";
			};
			name = Debug;
		};
		092DC13E19D7AB3100447F35 /* Release */ = {
			isa = XCBuildConfiguration;
			buildSettings = {
				BUNDLE_LOADER = "$(TEST_HOST)";
				FRAMEWORK_SEARCH_PATHS = (
					"$(SDKROOT)/Developer/Library/Frameworks",
					"$(inherited)",
				);
				INFOPLIST_FILE = Exemplo002Tests/Info.plist;
				LD_RUNPATH_SEARCH_PATHS = "$(inherited) @executable_path/Frameworks @loader_path/Frameworks";
				PRODUCT_NAME = "$(TARGET_NAME)";
				TEST_HOST = "$(BUILT_PRODUCTS_DIR)/Exemplo002.app/Exemplo002";
			};
			name = Release;
		};
/* End XCBuildConfiguration section */

/* Begin XCConfigurationList section */
		092DC11519D7AB3100447F35 /* Build configuration list for PBXProject "Exemplo002" */ = {
			isa = XCConfigurationList;
			buildConfigurations = (
				092DC13719D7AB3100447F35 /* Debug */,
				092DC13819D7AB3100447F35 /* Release */,
			);
			defaultConfigurationIsVisible = 0;
			defaultConfigurationName = Release;
		};
		092DC13919D7AB3100447F35 /* Build configuration list for PBXNativeTarget "Exemplo002" */ = {
			isa = XCConfigurationList;
			buildConfigurations = (
				092DC13A19D7AB3100447F35 /* Debug */,
				092DC13B19D7AB3100447F35 /* Release */,
			);
			defaultConfigurationIsVisible = 0;
		};
		092DC13C19D7AB3100447F35 /* Build configuration list for PBXNativeTarget "Exemplo002Tests" */ = {
			isa = XCConfigurationList;
			buildConfigurations = (
				092DC13D19D7AB3100447F35 /* Debug */,
				092DC13E19D7AB3100447F35 /* Release */,
			);
			defaultConfigurationIsVisible = 0;
		};
/* End XCConfigurationList section */
	};
	rootObject = 092DC11219D7AB3100447F35 /* Project object */;
}
